<Solution>
  <Folder Name="/benchmarks/">
    <Project Path="benchmarks/Pixely.PathFinding.Benchmarks/Pixely.PathFinding.Benchmarks.csproj" />
  </Folder>
  <Folder Name="/packaging/">
    <Project Path="packaging/Pixely/Pixely.Package.csproj" />
  </Folder>
  <Folder Name="/src/">
    <Project Path="src/Pixely.Architecture/Pixely.Architecture.csproj" />
    <Project Path="src/Pixely.Architecture.Testing/Pixely.Architecture.Testing.csproj" />
    <Project Path="src/Pixely.PathFinding/Pixely.PathFinding.csproj" />
    <Project Path="src/Pixely.Audio/Pixely.Audio.csproj" />
    <Project Path="src/Pixely.Collections/Pixely.Collections.csproj" />
    <Project Path="src/Pixely.Core/Pixely.Core.csproj" />
    <Project Path="src/Pixely.Componentize/Pixely.Componentize.csproj" />
    <Project Path="src/Pixely.Events/Pixely.Events.csproj" />
    <Project Path="src/Pixely.SdlangCompiler/Pixely.SdlangCompiler.csproj" />
    <Project Path="src/Pixely.ShaderCommon/Pixely.ShaderCommon.csproj" />
    <Project Path="src/Pixely.DependencyInjection/Pixely.DependencyInjection.csproj" />
    <Project Path="src/Pixely.DependencyInjection.Generator/Pixely.DependencyInjection.Generator.csproj" />
    <Project Path="src/Pixely.Pencuil/Pixely.Pencuil.csproj" />
    <Project Path="src/Pixely.Ui/Pixely.Ui.csproj" />
    <Project Path="src/Pixely.Utils/Pixely.Utils.csproj" />
    <Project Path="src/Pixely/Pixely.csproj" />
    <Project Path="src/Pixely.Logging/Pixely.Logging.csproj" />
  </Folder>
  <Folder Name="/tests/">
    <Project Path="tests/Pixely.PathFinding.Tests/Pixely.PathFinding.Tests.csproj" />
    <Project Path="tests/Pixely.Collections.Tests/Pixely.Collections.Tests.csproj" />
    <Project Path="tests/Pixely.Componentize.Tests/Pixely.Componentize.Tests.csproj" />
    <Project Path="tests/Pixely.Content.Tests/Pixely.Content.Tests.csproj" />
    <Project Path="tests/Pixely.SdlangBuildIntegration.Tests/Pixely.SdlangBuildIntegration.Tests.csproj" />
    <Project Path="tests/Pixely.SdlangCompiler.Tests/Pixely.SdlangCompiler.Tests.csproj" />
    <Project Path="tests/Pixely.DependencyInjection.Generator.Tests/Pixely.DependencyInjection.Generator.Tests.csproj" />
    <Project Path="tests/Pixely.DependencyInjection.Tests/Pixely.DependencyInjection.Tests.csproj" />
    <Project Path="tests/Pixely.Architecture.Tests/Pixely.Architecture.Tests.csproj" />
    <Project Path="tests/Pixely.Ui.Tests/Pixely.Ui.Tests.csproj" />
    <Project Path="tests/Pixely.Architecture.Testing.Tests/Pixely.Architecture.Testing.Tests.csproj" />
    <Project Path="tests/Pixely.Events.Tests/Pixely.Events.Tests.csproj" />
    <Project Path="tests/Pixely.Logging.Tests/Pixely.Logging.Tests.csproj" />
    <Project Path="tests/Pixely.Package.Tests/Pixely.Package.Tests.csproj" />
    <Project Path="tests/Pixely.Tests/Pixely.Tests.csproj" />
  </Folder>
  <Folder Name="/tutorials/">
    <Project Path="tutorials/Pixely.Tutorials.TaskbarIcon/Pixely.Tutorials.TaskbarIcon.csproj" />
    <Project Path="tutorials/Pixely.Tutorials.EmbeddedContent/Pixely.Tutorials.EmbeddedContent.csproj" />
    <Project Path="tutorials/Pixely.Tutorials.DepthOnly/Pixely.Tutorials.DepthOnly.csproj" />
    <Project Path="tutorials/Pixely.Tutorials.Logging/Pixely.Tutorials.Logging.csproj" />
    <Project Path="tutorials/Pixely.Tutorials.Triangle/Pixely.Tutorials.Triangle.csproj" />
    <Project Path="tutorials/Pixely.Tutorials.WindowCreation/Pixely.Tutorials.WindowCreation.csproj" />
    <Project Path="tutorials/Pixely.Tutorials.StorageBuffer/Pixely.Tutorials.StorageBuffer.csproj" />
    <Project Path="tutorials/Pixely.Tutorials.TextureArray/Pixely.Tutorials.TextureArray.csproj" />
    <Project Path="tutorials/Pixely.Tutorials.ImageLoading/Pixely.Tutorials.ImageLoading.csproj" />
    <Project Path="tutorials/Pixely.Tutorials.StencilBuffer/Pixely.Tutorials.StencilBuffer.csproj" />
    <Project Path="tutorials/Pixely.Tutorials.Gamepad/Pixely.Tutorials.Gamepad.csproj" />
    <Project Path="tutorials/Pixely.Tutorials.Hotbar/Pixely.Tutorials.Hotbar.csproj" />
    <Project Path="tutorials/Pixely.Tutorials.Instancing/Pixely.Tutorials.Instancing.csproj" />
    <Project Path="tutorials/Pixely.Tutorials.IndexBuffer/Pixely.Tutorials.IndexBuffer.csproj" />
    <Project Path="tutorials/Pixely.Tutorials.IndexedRenderPass/Pixely.Tutorials.IndexedRenderPass.csproj" />
    <Project Path="tutorials/Pixely.Tutorials.FileDialogs/Pixely.Tutorials.FileDialogs.csproj" />
    <Project Path="tutorials/Pixely.Tutorials.MessageBoxes/Pixely.Tutorials.MessageBoxes.csproj" />
    <Project Path="tutorials/Pixely.Tutorials.TextInput/Pixely.Tutorials.TextInput.csproj" />
    <Project Path="tutorials/Pixely.Tutorials.WindowConfiguration/Pixely.Tutorials.WindowConfiguration.csproj" />
    <Project Path="tutorials/Pixely.Tutorials.TransparentWindow/Pixely.Tutorials.TransparentWindow.csproj" />
    <Project Path="tutorials/Pixely.Tutorials.ClickThrough/Pixely.Tutorials.ClickThrough.csproj" />
    <Project Path="tutorials/Pixely.Tutorials.WindowDragging/Pixely.Tutorials.WindowDragging.csproj" />
    <Project Path="tutorials/Pixely.Tutorials.StageSwitching/Pixely.Tutorials.StageSwitching.csproj" />
    <Project Path="tutorials/Pixely.Tutorials.MouseWindowPresence/Pixely.Tutorials.MouseWindowPresence.csproj" />
    <Project Path="tutorials/Pixely.Tutorials.MultiWindow/Pixely.Tutorials.MultiWindow.csproj" />
    <Project Path="tutorials/Pixely.Tutorials.MultiWindowTextInput/Pixely.Tutorials.MultiWindowTextInput.csproj" />
    <Project Path="tutorials/Pixely.Tutorials.Audio/Pixely.Tutorials.Audio.csproj" />
    <Project Path="tutorials/Pixely.Tutorials.ZipContent/Pixely.Tutorials.ZipContent.csproj" />
  </Folder>
</Solution>
