<Solution>
  <Project Path="Pixely.Architecture.Testing.Tests/Pixely.Architecture.Testing.Tests.csproj" />
  <Project Path="Pixely.Architecture.Tests/Pixely.Architecture.Tests.csproj" />
  <Project Path="Pixely.Collections.Tests/Pixely.Collections.Tests.csproj" />
  <Project Path="Pixely.Componentize.Tests/Pixely.Componentize.Tests.csproj" />
  <Project Path="Pixely.Content.Tests/Pixely.Content.Tests.csproj" />
  <Project Path="Pixely.DependencyInjection.Generator.Tests/Pixely.DependencyInjection.Generator.Tests.csproj" />
  <Project Path="Pixely.DependencyInjection.Tests/Pixely.DependencyInjection.Tests.csproj" />
  <Project Path="Pixely.Events.Tests/Pixely.Events.Tests.csproj" />
  <Project Path="Pixely.Logging.Tests/Pixely.Logging.Tests.csproj" />
  <Project Path="Pixely.PathFinding.Tests/Pixely.PathFinding.Tests.csproj" />
  <Project Path="Pixely.SdlangCompiler.Tests/Pixely.SdlangCompiler.Tests.csproj" />
  <Project Path="Pixely.Tests/Pixely.Tests.csproj" />
</Solution>
